// !$*UTF8*$!
{
	archiveVersion = 1;
	classes = {
	};
	objectVersion = 56;
	objects = {

/* Begin PBXBuildFile section */
		2282B7DE2C1A0BA200083BAD /* watchSesame Watch App.app in Embed Watch Content */ = {isa = PBXBuildFile; fileRef = 2282B7DD2C1A0BA200083BAD /* watchSesame Watch App.app */; settings = {ATTRIBUTES = (RemoveHeadersOnCopy, ); }; };
		2282B7E32C1A0BA300083BAD /* watchSesameApp.swift in Sources */ = {isa = PBXBuildFile; fileRef = 2282B7E22C1A0BA300083BAD /* watchSesameApp.swift */; };
		2282B7E52C1A0BA300083BAD /* ContentView.swift in Sources */ = {isa = PBXBuildFile; fileRef = 2282B7E42C1A0BA300083BAD /* ContentView.swift */; };
		2282B7E72C1A0BAB00083BAD /* Assets.xcassets in Resources */ = {isa = PBXBuildFile; fileRef = 2282B7E62C1A0BAB00083BAD /* Assets.xcassets */; };
		2282B7EA2C1A0BAB00083BAD /* Preview Assets.xcassets in Resources */ = {isa = PBXBuildFile; fileRef = 2282B7E92C1A0BAB00083BAD /* Preview Assets.xcassets */; };
		2287109F2C1B60F700A4575C /* .gitignore in Resources */ = {isa = PBXBuildFile; fileRef = 2287109E2C1B60F700A4575C /* .gitignore */; };
/* End PBXBuildFile section */

/* Begin PBXContainerItemProxy section */
		2282B7DF2C1A0BA200083BAD /* PBXContainerItemProxy */ = {
			isa = PBXContainerItemProxy;
			containerPortal = 2282B7D12C1A0BA100083BAD /* Project object */;
			proxyType = 1;
			remoteGlobalIDString = 2282B7DC2C1A0BA200083BAD;
			remoteInfo = "watchSesame Watch App";
		};
/* End PBXContainerItemProxy section */

/* Begin PBXCopyFilesBuildPhase section */
		2282B7F02C1A0BAB00083BAD /* Embed Watch Content */ = {
			isa = PBXCopyFilesBuildPhase;
			buildActionMask = 2147483647;
			dstPath = "$(CONTENTS_FOLDER_PATH)/Watch";
			dstSubfolderSpec = 16;
			files = (
				2282B7DE2C1A0BA200083BAD /* watchSesame Watch App.app in Embed Watch Content */,
			);
			name = "Embed Watch Content";
			runOnlyForDeploymentPostprocessing = 0;
		};
/* End PBXCopyFilesBuildPhase section */

/* Begin PBXFileReference section */
		2282B7D72C1A0BA200083BAD /* watchSesame.app */ = {isa = PBXFileReference; explicitFileType = wrapper.application; includeInIndex = 0; path = watchSesame.app; sourceTree = BUILT_PRODUCTS_DIR; };
		2282B7DD2C1A0BA200083BAD /* watchSesame Watch App.app */ = {isa = PBXFileReference; explicitFileType = wrapper.application; includeInIndex = 0; path = "watchSesame Watch App.app"; sourceTree = BUILT_PRODUCTS_DIR; };
		2282B7E22C1A0BA300083BAD /* watchSesameApp.swift */ = {isa = PBXFileReference; lastKnownFileType = sourcecode.swift; path = watchSesameApp.swift; sourceTree = "<group>"; };
		2282B7E42C1A0BA300083BAD /* ContentView.swift */ = {isa = PBXFileReference; lastKnownFileType = sourcecode.swift; path = ContentView.swift; sourceTree = "<group>"; };
		2282B7E62C1A0BAB00083BAD /* Assets.xcassets */ = {isa = PBXFileReference; lastKnownFileType = folder.assetcatalog; path = Assets.xcassets; sourceTree = "<group>"; };
		2282B7E92C1A0BAB00083BAD /* Preview Assets.xcassets */ = {isa = PBXFileReference; lastKnownFileType = folder.assetcatalog; path = "Preview Assets.xcassets"; sourceTree = "<group>"; };
		2287109E2C1B60F700A4575C /* .gitignore */ = {isa = PBXFileReference; lastKnownFileType = text; path = .gitignore; sourceTree = "<group>"; };
/* End PBXFileReference section */

/* Begin PBXFrameworksBuildPhase section */
		2282B7DA2C1A0BA200083BAD /* Frameworks */ = {
			isa = PBXFrameworksBuildPhase;
			buildActionMask = 2147483647;
			files = (
			);
			runOnlyForDeploymentPostprocessing = 0;
		};
/* End PBXFrameworksBuildPhase section */

/* Begin PBXGroup section */
		2282B7D02C1A0BA100083BAD = {
			isa = PBXGroup;
			children = (
				2287109E2C1B60F700A4575C /* .gitignore */,
				2282B7E12C1A0BA200083BAD /* watchSesame Watch App */,
				2282B7D82C1A0BA200083BAD /* Products */,
			);
			sourceTree = "<group>";
		};
		2282B7D82C1A0BA200083BAD /* Products */ = {
			isa = PBXGroup;
			children = (
				2282B7D72C1A0BA200083BAD /* watchSesame.app */,
				2282B7DD2C1A0BA200083BAD /* watchSesame Watch App.app */,
			);
			name = Products;
			sourceTree = "<group>";
		};
		2282B7E12C1A0BA200083BAD /* watchSesame Watch App */ = {
			isa = PBXGroup;
			children = (
				2282B7E22C1A0BA300083BAD /* watchSesameApp.swift */,
				2282B7E42C1A0BA300083BAD /* ContentView.swift */,
				2282B7E62C1A0BAB00083BAD /* Assets.xcassets */,
				2282B7E82C1A0BAB00083BAD /* Preview Content */,
			);
			path = "watchSesame Watch App";
			sourceTree = "<group>";
		};
		2282B7E82C1A0BAB00083BAD /* Preview Content */ = {
			isa = PBXGroup;
			children = (
				2282B7E92C1A0BAB00083BAD /* Preview Assets.xcassets */,
			);
			path = "Preview Content";
			sourceTree = "<group>";
		};
/* End PBXGroup section */

/* Begin PBXNativeTarget section */
		2282B7D62C1A0BA200083BAD /* watchSesame */ = {
			isa = PBXNativeTarget;
			buildConfigurationList = 2282B7F12C1A0BAB00083BAD /* Build configuration list for PBXNativeTarget "watchSesame" */;
			buildPhases = (
				2282B7D52C1A0BA200083BAD /* Resources */,
				2282B7F02C1A0BAB00083BAD /* Embed Watch Content */,
			);
			buildRules = (
			);
			dependencies = (
				2282B7E02C1A0BA200083BAD /* PBXTargetDependency */,
			);
			name = watchSesame;
			productName = watchSesame;
			productReference = 2282B7D72C1A0BA200083BAD /* watchSesame.app */;
			productType = "com.apple.product-type.application.watchapp2-container";
		};
		2282B7DC2C1A0BA200083BAD /* watchSesame Watch App */ = {
			isa = PBXNativeTarget;
			buildConfigurationList = 2282B7ED2C1A0BAB00083BAD /* Build configuration list for PBXNativeTarget "watchSesame Watch App" */;
			buildPhases = (
				2282B7D92C1A0BA200083BAD /* Sources */,
				2282B7DA2C1A0BA200083BAD /* Frameworks */,
				2282B7DB2C1A0BA200083BAD /* Resources */,
			);
			buildRules = (
			);
			dependencies = (
			);
			name = "watchSesame Watch App";
			productName = "watchSesame Watch App";
			productReference = 2282B7DD2C1A0BA200083BAD /* watchSesame Watch App.app */;
			productType = "com.apple.product-type.application";
		};
/* End PBXNativeTarget section */

/* Begin PBXProject section */
		2282B7D12C1A0BA100083BAD /* Project object */ = {
			isa = PBXProject;
			attributes = {
				BuildIndependentTargetsInParallel = 1;
				LastSwiftUpdateCheck = 1500;
				LastUpgradeCheck = 1500;
				TargetAttributes = {
					2282B7D62C1A0BA200083BAD = {
						CreatedOnToolsVersion = 15.0;
					};
					2282B7DC2C1A0BA200083BAD = {
						CreatedOnToolsVersion = 15.0;
					};
				};
			};
			buildConfigurationList = 2282B7D42C1A0BA100083BAD /* Build configuration list for PBXProject "watchSesame" */;
			compatibilityVersion = "Xcode 14.0";
			developmentRegion = en;
			hasScannedForEncodings = 0;
			knownRegions = (
				en,
				Base,
			);
			mainGroup = 2282B7D02C1A0BA100083BAD;
			productRefGroup = 2282B7D82C1A0BA200083BAD /* Products */;
			projectDirPath = "";
			projectRoot = "";
			targets = (
				2282B7D62C1A0BA200083BAD /* watchSesame */,
				2282B7DC2C1A0BA200083BAD /* watchSesame Watch App */,
			);
		};
/* End PBXProject section */

/* Begin PBXResourcesBuildPhase section */
		2282B7D52C1A0BA200083BAD /* Resources */ = {
			isa = PBXResourcesBuildPhase;
			buildActionMask = 2147483647;
			files = (
				2287109F2C1B60F700A4575C /* .gitignore in Resources */,
			);
			runOnlyForDeploymentPostprocessing = 0;
		};
		2282B7DB2C1A0BA200083BAD /* Resources */ = {
			isa = PBXResourcesBuildPhase;
			buildActionMask = 2147483647;
			files = (
				2282B7EA2C1A0BAB00083BAD /* Preview Assets.xcassets in Resources */,
				2282B7E72C1A0BAB00083BAD /* Assets.xcassets in Resources */,
			);
			runOnlyForDeploymentPostprocessing = 0;
		};
/* End PBXResourcesBuildPhase section */

/* Begin PBXSourcesBuildPhase section */
		2282B7D92C1A0BA200083BAD /* Sources */ = {
			isa = PBXSourcesBuildPhase;
			buildActionMask = 2147483647;
			files = (
				2282B7E52C1A0BA300083BAD /* ContentView.swift in Sources */,
				2282B7E32C1A0BA300083BAD /* watchSesameApp.swift in Sources */,
			);
			runOnlyForDeploymentPostprocessing = 0;
		};
/* End PBXSourcesBuildPhase section */

/* Begin PBXTargetDependency section */
		2282B7E02C1A0BA200083BAD /* PBXTargetDependency */ = {
			isa = PBXTargetDependency;
			target = 2282B7DC2C1A0BA200083BAD /* watchSesame Watch App */;
			targetProxy = 2282B7DF2C1A0BA200083BAD /* PBXContainerItemProxy */;
		};
/* End PBXTargetDependency section */

/* Begin XCBuildConfiguration section */
		2282B7EB2C1A0BAB00083BAD /* Debug */ = {
			isa = XCBuildConfiguration;
			buildSettings = {
				ALWAYS_SEARCH_USER_PATHS = NO;
				ASSETCATALOG_COMPILER_GENERATE_SWIFT_ASSET_SYMBOL_EXTENSIONS = YES;
				CLANG_ANALYZER_NONNULL = YES;
				CLANG_ANALYZER_NUMBER_OBJECT_CONVERSION = YES_AGGRESSIVE;
				CLANG_CXX_LANGUAGE_STANDARD = "gnu++20";
				CLANG_ENABLE_MODULES = YES;
				CLANG_ENABLE_OBJC_ARC = YES;
				CLANG_ENABLE_OBJC_WEAK = YES;
				CLANG_WARN_BLOCK_CAPTURE_AUTORELEASING = YES;
				CLANG_WARN_BOOL_CONVERSION = YES;
				CLANG_WARN_COMMA = YES;
				CLANG_WARN_CONSTANT_CONVERSION = YES;
				CLANG_WARN_DEPRECATED_OBJC_IMPLEMENTATIONS = YES;
				CLANG_WARN_DIRECT_OBJC_ISA_USAGE = YES_ERROR;
				CLANG_WARN_DOCUMENTATION_COMMENTS = YES;
				CLANG_WARN_EMPTY_BODY = YES;
				CLANG_WARN_ENUM_CONVERSION = YES;
				CLANG_WARN_INFINITE_RECURSION = YES;
				CLANG_WARN_INT_CONVERSION = YES;
				CLANG_WARN_NON_LITERAL_NULL_CONVERSION = YES;
				CLANG_WARN_OBJC_IMPLICIT_RETAIN_SELF = YES;
				CLANG_WARN_OBJC_LITERAL_CONVERSION = YES;
				CLANG_WARN_OBJC_ROOT_CLASS = YES_ERROR;
				CLANG_WARN_QUOTED_INCLUDE_IN_FRAMEWORK_HEADER = YES;
				CLANG_WARN_RANGE_LOOP_ANALYSIS = YES;
				CLANG_WARN_STRICT_PROTOTYPES = YES;
				CLANG_WARN_SUSPICIOUS_MOVE = YES;
				CLANG_WARN_UNGUARDED_AVAILABILITY = YES_AGGRESSIVE;
				CLANG_WARN_UNREACHABLE_CODE = YES;
				CLANG_WARN__DUPLICATE_METHOD_MATCH = YES;
				COPY_PHASE_STRIP = NO;
				DEBUG_INFORMATION_FORMAT = dwarf;
				ENABLE_STRICT_OBJC_MSGSEND = YES;
				ENABLE_TESTABILITY = YES;
				ENABLE_USER_SCRIPT_SANDBOXING = YES;
				GCC_C_LANGUAGE_STANDARD = gnu17;
				GCC_DYNAMIC_NO_PIC = NO;
				GCC_NO_COMMON_BLOCKS = YES;
				GCC_OPTIMIZATION_LEVEL = 0;
				GCC_PREPROCESSOR_DEFINITIONS = (
					"DEBUG=1",
					"$(inherited)",
				);
				GCC_WARN_64_TO_32_BIT_CONVERSION = YES;
				GCC_WARN_ABOUT_RETURN_TYPE = YES_ERROR;
				GCC_WARN_UNDECLARED_SELECTOR = YES;
				GCC_WARN_UNINITIALIZED_AUTOS = YES_AGGRESSIVE;
				GCC_WARN_UNUSED_FUNCTION = YES;
				GCC_WARN_UNUSED_VARIABLE = YES;
				LOCALIZATION_PREFERS_STRING_CATALOGS = YES;
				MTL_ENABLE_DEBUG_INFO = INCLUDE_SOURCE;
				MTL_FAST_MATH = YES;
				ONLY_ACTIVE_ARCH = YES;
				SWIFT_ACTIVE_COMPILATION_CONDITIONS = "DEBUG $(inherited)";
				SWIFT_OPTIMIZATION_LEVEL = "-Onone";
			};
			name = Debug;
		};
		2282B7EC2C1A0BAB00083BAD /* Release */ = {
			isa = XCBuildConfiguration;
			buildSettings = {
				ALWAYS_SEARCH_USER_PATHS = NO;
				ASSETCATALOG_COMPILER_GENERATE_SWIFT_ASSET_SYMBOL_EXTENSIONS = YES;
				CLANG_ANALYZER_NONNULL = YES;
				CLANG_ANALYZER_NUMBER_OBJECT_CONVERSION = YES_AGGRESSIVE;
				CLANG_CXX_LANGUAGE_STANDARD = "gnu++20";
				CLANG_ENABLE_MODULES = YES;
				CLANG_ENABLE_OBJC_ARC = YES;
				CLANG_ENABLE_OBJC_WEAK = YES;
				CLANG_WARN_BLOCK_CAPTURE_AUTORELEASING = YES;
				CLANG_WARN_BOOL_CONVERSION = YES;
				CLANG_WARN_COMMA = YES;
				CLANG_WARN_CONSTANT_CONVERSION = YES;
				CLANG_WARN_DEPRECATED_OBJC_IMPLEMENTATIONS = YES;
				CLANG_WARN_DIRECT_OBJC_ISA_USAGE = YES_ERROR;
				CLANG_WARN_DOCUMENTATION_COMMENTS = YES;
				CLANG_WARN_EMPTY_BODY = YES;
				CLANG_WARN_ENUM_CONVERSION = YES;
				CLANG_WARN_INFINITE_RECURSION = YES;
				CLANG_WARN_INT_CONVERSION = YES;
				CLANG_WARN_NON_LITERAL_NULL_CONVERSION = YES;
				CLANG_WARN_OBJC_IMPLICIT_RETAIN_SELF = YES;
				CLANG_WARN_OBJC_LITERAL_CONVERSION = YES;
				CLANG_WARN_OBJC_ROOT_CLASS = YES_ERROR;
				CLANG_WARN_QUOTED_INCLUDE_IN_FRAMEWORK_HEADER = YES;
				CLANG_WARN_RANGE_LOOP_ANALYSIS = YES;
				CLANG_WARN_STRICT_PROTOTYPES = YES;
				CLANG_WARN_SUSPICIOUS_MOVE = YES;
				CLANG_WARN_UNGUARDED_AVAILABILITY = YES_AGGRESSIVE;
				CLANG_WARN_UNREACHABLE_CODE = YES;
				CLANG_WARN__DUPLICATE_METHOD_MATCH = YES;
				COPY_PHASE_STRIP = NO;
				DEBUG_INFORMATION_FORMAT = "dwarf-with-dsym";
				ENABLE_NS_ASSERTIONS = NO;
				ENABLE_STRICT_OBJC_MSGSEND = YES;
				ENABLE_USER_SCRIPT_SANDBOXING = YES;
				GCC_C_LANGUAGE_STANDARD = gnu17;
				GCC_NO_COMMON_BLOCKS = YES;
				GCC_WARN_64_TO_32_BIT_CONVERSION = YES;
				GCC_WARN_ABOUT_RETURN_TYPE = YES_ERROR;
				GCC_WARN_UNDECLARED_SELECTOR = YES;
				GCC_WARN_UNINITIALIZED_AUTOS = YES_AGGRESSIVE;
				GCC_WARN_UNUSED_FUNCTION = YES;
				GCC_WARN_UNUSED_VARIABLE = YES;
				LOCALIZATION_PREFERS_STRING_CATALOGS = YES;
				MTL_ENABLE_DEBUG_INFO = NO;
				MTL_FAST_MATH = YES;
				SWIFT_COMPILATION_MODE = wholemodule;
			};
			name = Release;
		};
		2282B7EE2C1A0BAB00083BAD /* Debug */ = {
			isa = XCBuildConfiguration;
			buildSettings = {
				ASSETCATALOG_COMPILER_APPICON_NAME = AppIcon;
				ASSETCATALOG_COMPILER_GLOBAL_ACCENT_COLOR_NAME = AccentColor;
				CODE_SIGN_STYLE = Automatic;
				CURRENT_PROJECT_VERSION = 1;
				DEVELOPMENT_ASSET_PATHS = "\"watchSesame Watch App/Preview Content\"";
				DEVELOPMENT_TEAM = FT2YV92FN7;
				ENABLE_PREVIEWS = YES;
				GENERATE_INFOPLIST_FILE = YES;
				INFOPLIST_KEY_CFBundleDisplayName = watchSesame;
				INFOPLIST_KEY_UISupportedInterfaceOrientations = "UIInterfaceOrientationPortrait UIInterfaceOrientationPortraitUpsideDown";
				INFOPLIST_KEY_WKWatchOnly = YES;
				LD_RUNPATH_SEARCH_PATHS = (
					"$(inherited)",
					"@executable_path/Frameworks",
				);
				MARKETING_VERSION = 1.0;
				PRODUCT_BUNDLE_IDENTIFIER = kicas.watchSesame.watchkitapp;
				PRODUCT_NAME = "$(TARGET_NAME)";
				SDKROOT = watchos;
				SKIP_INSTALL = YES;
				SWIFT_EMIT_LOC_STRINGS = YES;
				SWIFT_VERSION = 5.0;
				TARGETED_DEVICE_FAMILY = 4;
				WATCHOS_DEPLOYMENT_TARGET = 10.0;
			};
			name = Debug;
		};
		2282B7EF2C1A0BAB00083BAD /* Release */ = {
			isa = XCBuildConfiguration;
			buildSettings = {
				ASSETCATALOG_COMPILER_APPICON_NAME = AppIcon;
				ASSETCATALOG_COMPILER_GLOBAL_ACCENT_COLOR_NAME = AccentColor;
				CODE_SIGN_STYLE = Automatic;
				CURRENT_PROJECT_VERSION = 1;
				DEVELOPMENT_ASSET_PATHS = "\"watchSesame Watch App/Preview Content\"";
				DEVELOPMENT_TEAM = FT2YV92FN7;
				ENABLE_PREVIEWS = YES;
				GENERATE_INFOPLIST_FILE = YES;
				INFOPLIST_KEY_CFBundleDisplayName = watchSesame;
				INFOPLIST_KEY_UISupportedInterfaceOrientations = "UIInterfaceOrientationPortrait UIInterfaceOrientationPortraitUpsideDown";
				INFOPLIST_KEY_WKWatchOnly = YES;
				LD_RUNPATH_SEARCH_PATHS = (
					"$(inherited)",
					"@executable_path/Frameworks",
				);
				MARKETING_VERSION = 1.0;
				PRODUCT_BUNDLE_IDENTIFIER = kicas.watchSesame.watchkitapp;
				PRODUCT_NAME = "$(TARGET_NAME)";
				SDKROOT = watchos;
				SKIP_INSTALL = YES;
				SWIFT_EMIT_LOC_STRINGS = YES;
				SWIFT_VERSION = 5.0;
				TARGETED_DEVICE_FAMILY = 4;
				VALIDATE_PRODUCT = YES;
				WATCHOS_DEPLOYMENT_TARGET = 10.0;
			};
			name = Release;
		};
		2282B7F22C1A0BAB00083BAD /* Debug */ = {
			isa = XCBuildConfiguration;
			buildSettings = {
				ALWAYS_EMBED_SWIFT_STANDARD_LIBRARIES = YES;
				CODE_SIGN_STYLE = Automatic;
				CURRENT_PROJECT_VERSION = 1;
				DEVELOPMENT_TEAM = FT2YV92FN7;
				INFOPLIST_KEY_CFBundleDisplayName = watchSesame;
				MARKETING_VERSION = 1.0;
				PRODUCT_BUNDLE_IDENTIFIER = kicas.watchSesame;
				PRODUCT_NAME = "$(TARGET_NAME)";
				SDKROOT = iphoneos;
				SWIFT_VERSION = 5.0;
			};
			name = Debug;
		};
		2282B7F32C1A0BAB00083BAD /* Release */ = {
			isa = XCBuildConfiguration;
			buildSettings = {
				ALWAYS_EMBED_SWIFT_STANDARD_LIBRARIES = YES;
				CODE_SIGN_STYLE = Automatic;
				CURRENT_PROJECT_VERSION = 1;
				DEVELOPMENT_TEAM = FT2YV92FN7;
				INFOPLIST_KEY_CFBundleDisplayName = watchSesame;
				MARKETING_VERSION = 1.0;
				PRODUCT_BUNDLE_IDENTIFIER = kicas.watchSesame;
				PRODUCT_NAME = "$(TARGET_NAME)";
				SDKROOT = iphoneos;
				SWIFT_VERSION = 5.0;
				VALIDATE_PRODUCT = YES;
			};
			name = Release;
		};
/* End XCBuildConfiguration section */

/* Begin XCConfigurationList section */
		2282B7D42C1A0BA100083BAD /* Build configuration list for PBXProject "watchSesame" */ = {
			isa = XCConfigurationList;
			buildConfigurations = (
				2282B7EB2C1A0BAB00083BAD /* Debug */,
				2282B7EC2C1A0BAB00083BAD /* Release */,
			);
			defaultConfigurationIsVisible = 0;
			defaultConfigurationName = Release;
		};
		2282B7ED2C1A0BAB00083BAD /* Build configuration list for PBXNativeTarget "watchSesame Watch App" */ = {
			isa = XCConfigurationList;
			buildConfigurations = (
				2282B7EE2C1A0BAB00083BAD /* Debug */,
				2282B7EF2C1A0BAB00083BAD /* Release */,
			);
			defaultConfigurationIsVisible = 0;
			defaultConfigurationName = Release;
		};
		2282B7F12C1A0BAB00083BAD /* Build configuration list for PBXNativeTarget "watchSesame" */ = {
			isa = XCConfigurationList;
			buildConfigurations = (
				2282B7F22C1A0BAB00083BAD /* Debug */,
				2282B7F32C1A0BAB00083BAD /* Release */,
			);
			defaultConfigurationIsVisible = 0;
			defaultConfigurationName = Release;
		};
/* End XCConfigurationList section */
	};
	rootObject = 2282B7D12C1A0BA100083BAD /* Project object */;
}
